
Microsoft Visual Studio Solution File, Format Version 12.00
# Visual Studio Version 17
VisualStudioVersion = 17.0.31903.59
MinimumVisualStudioVersion = 10.0.40219.1
Project("{FAE04EC0-301F-11D3-BF4B-00C04F79EFBC}") = "DesignPatterns", "DesignPatterns\DesignPatterns.csproj", "{A8ECCBAD-FB10-4963-BFDD-01B1CFFE53E7}"
EndProject
Project("{FAE04EC0-301F-11D3-BF4B-00C04F79EFBC}") = "DesignPatterns.Demo", "DesignPatterns.Demo\DesignPatterns.Demo.csproj", "{A278AB77-66F0-40C1-920A-2DC8C86C544B}"
EndProject
Project("{FAE04EC0-301F-11D3-BF4B-00C04F79EFBC}") = "DesignPatterns.Test", "DesignPatterns.Test\DesignPatterns.Test.csproj", "{332AB7AF-E583-4A5F-89FD-FAB77FEAB93D}"
EndProject
Global
	GlobalSection(SolutionConfigurationPlatforms) = preSolution
		Debug|Any CPU = Debug|Any CPU
		Release|Any CPU = Release|Any CPU
	EndGlobalSection
	GlobalSection(SolutionProperties) = preSolution
		HideSolutionNode = FALSE
	EndGlobalSection
	GlobalSection(ProjectConfigurationPlatforms) = postSolution
		{A8ECCBAD-FB10-4963-BFDD-01B1CFFE53E7}.Debug|Any CPU.ActiveCfg = Debug|Any CPU
		{A8ECCBAD-FB10-4963-BFDD-01B1CFFE53E7}.Debug|Any CPU.Build.0 = Debug|Any CPU
		{A8ECCBAD-FB10-4963-BFDD-01B1CFFE53E7}.Release|Any CPU.ActiveCfg = Release|Any CPU
		{A8ECCBAD-FB10-4963-BFDD-01B1CFFE53E7}.Release|Any CPU.Build.0 = Release|Any CPU
		{A278AB77-66F0-40C1-920A-2DC8C86C544B}.Debug|Any CPU.ActiveCfg = Debug|Any CPU
		{A278AB77-66F0-40C1-920A-2DC8C86C544B}.Debug|Any CPU.Build.0 = Debug|Any CPU
		{A278AB77-66F0-40C1-920A-2DC8C86C544B}.Release|Any CPU.ActiveCfg = Release|Any CPU
		{A278AB77-66F0-40C1-920A-2DC8C86C544B}.Release|Any CPU.Build.0 = Release|Any CPU
		{332AB7AF-E583-4A5F-89FD-FAB77FEAB93D}.Debug|Any CPU.ActiveCfg = Debug|Any CPU
		{332AB7AF-E583-4A5F-89FD-FAB77FEAB93D}.Debug|Any CPU.Build.0 = Debug|Any CPU
		{332AB7AF-E583-4A5F-89FD-FAB77FEAB93D}.Release|Any CPU.ActiveCfg = Release|Any CPU
		{332AB7AF-E583-4A5F-89FD-FAB77FEAB93D}.Release|Any CPU.Build.0 = Release|Any CPU
	EndGlobalSection
EndGlobal
